
Microsoft Visual Studio Solution File, Format Version 12.00
# Visual Studio Version 16
VisualStudioVersion = 16.0.29102.190
MinimumVisualStudioVersion = 10.0.40219.1
Project("{FAE04EC0-301F-11D3-BF4B-00C04F79EFBC}") = "委托和匿名方法和lamda表达式", "委托和匿名方法和lamda表达式\委托和匿名方法和lamda表达式.csproj", "{147D8900-68E5-4368-B433-77B52A868724}"
EndProject
Global
	GlobalSection(SolutionConfigurationPlatforms) = preSolution
		Debug|Any CPU = Debug|Any CPU
		Release|Any CPU = Release|Any CPU
	EndGlobalSection
	GlobalSection(ProjectConfigurationPlatforms) = postSolution
		{147D8900-68E5-4368-B433-77B52A868724}.Debug|Any CPU.ActiveCfg = Debug|Any CPU
		{147D8900-68E5-4368-B433-77B52A868724}.Debug|Any CPU.Build.0 = Debug|Any CPU
		{147D8900-68E5-4368-B433-77B52A868724}.Release|Any CPU.ActiveCfg = Release|Any CPU
		{147D8900-68E5-4368-B433-77B52A868724}.Release|Any CPU.Build.0 = Release|Any CPU
	EndGlobalSection
	GlobalSection(SolutionProperties) = preSolution
		HideSolutionNode = FALSE
	EndGlobalSection
	GlobalSection(ExtensibilityGlobals) = postSolution
		SolutionGuid = {078F74EF-10F2-4141-B2DF-7E1A91E44CA9}
	EndGlobalSection
EndGlobal
