
Microsoft Visual Studio Solution File, Format Version 12.00
# Visual Studio Version 16
VisualStudioVersion = 16.0.30128.74
MinimumVisualStudioVersion = 10.0.40219.1
Project("{9A19103F-16F7-4668-BE54-9A1E7A4F7556}") = "ShoppingProject", "ShoppingProject\ShoppingProject.csproj", "{C9B3A0D0-8ED5-43EE-B302-DD864366ACC2}"
EndProject
Global
	GlobalSection(SolutionConfigurationPlatforms) = preSolution
		Debug|Any CPU = Debug|Any CPU
		Release|Any CPU = Release|Any CPU
	EndGlobalSection
	GlobalSection(ProjectConfigurationPlatforms) = postSolution
		{C9B3A0D0-8ED5-43EE-B302-DD864366ACC2}.Debug|Any CPU.ActiveCfg = Debug|Any CPU
		{C9B3A0D0-8ED5-43EE-B302-DD864366ACC2}.Debug|Any CPU.Build.0 = Debug|Any CPU
		{C9B3A0D0-8ED5-43EE-B302-DD864366ACC2}.Release|Any CPU.ActiveCfg = Release|Any CPU
		{C9B3A0D0-8ED5-43EE-B302-DD864366ACC2}.Release|Any CPU.Build.0 = Release|Any CPU
	EndGlobalSection
	GlobalSection(SolutionProperties) = preSolution
		HideSolutionNode = FALSE
	EndGlobalSection
	GlobalSection(ExtensibilityGlobals) = postSolution
		SolutionGuid = {A26B3285-399D-40D9-B35E-12A41DF2F1E5}
	EndGlobalSection
EndGlobal
