
Microsoft Visual Studio Solution File, Format Version 12.00
# Visual Studio Version 16
VisualStudioVersion = 16.0.30309.148
MinimumVisualStudioVersion = 10.0.40219.1
Project("{FAE04EC0-301F-11D3-BF4B-00C04F79EFBC}") = "NullableType", "NullableType\NullableType.csproj", "{214AF37B-7607-44BB-9F75-DADC37878F10}"
EndProject
Global
	GlobalSection(SolutionConfigurationPlatforms) = preSolution
		Debug|Any CPU = Debug|Any CPU
		Release|Any CPU = Release|Any CPU
	EndGlobalSection
	GlobalSection(ProjectConfigurationPlatforms) = postSolution
		{214AF37B-7607-44BB-9F75-DADC37878F10}.Debug|Any CPU.ActiveCfg = Debug|Any CPU
		{214AF37B-7607-44BB-9F75-DADC37878F10}.Debug|Any CPU.Build.0 = Debug|Any CPU
		{214AF37B-7607-44BB-9F75-DADC37878F10}.Release|Any CPU.ActiveCfg = Release|Any CPU
		{214AF37B-7607-44BB-9F75-DADC37878F10}.Release|Any CPU.Build.0 = Release|Any CPU
	EndGlobalSection
	GlobalSection(SolutionProperties) = preSolution
		HideSolutionNode = FALSE
	EndGlobalSection
	GlobalSection(ExtensibilityGlobals) = postSolution
		SolutionGuid = {182C23EF-32CC-4BF4-9C50-7A354B8FE733}
	EndGlobalSection
EndGlobal
