
Microsoft Visual Studio Solution File, Format Version 12.00
# Visual Studio Version 16
VisualStudioVersion = 16.0.29911.84
MinimumVisualStudioVersion = 10.0.40219.1
Project("{9A19103F-16F7-4668-BE54-9A1E7A4F7556}") = "TaskDemo", "TaskDemo\TaskDemo.csproj", "{7B2AA330-A43B-4AD4-BD44-36C32552FCB6}"
EndProject
Project("{9A19103F-16F7-4668-BE54-9A1E7A4F7556}") = "AsyncDemo", "AsyncDemo\AsyncDemo.csproj", "{F12E2DC1-3FEE-4A4E-BD03-299D4556C901}"
EndProject
Project("{FAE04EC0-301F-11D3-BF4B-00C04F79EFBC}") = "Parallel_BaseOnTask(基于任务的并行)", "Parallel_BaseOnTask(基于任务的并行)\Parallel_BaseOnTask(基于任务的并行).csproj", "{3513FFBE-B60C-4424-9362-77FDD663A82C}"
EndProject
Global
	GlobalSection(SolutionConfigurationPlatforms) = preSolution
		Debug|Any CPU = Debug|Any CPU
		Release|Any CPU = Release|Any CPU
	EndGlobalSection
	GlobalSection(ProjectConfigurationPlatforms) = postSolution
		{7B2AA330-A43B-4AD4-BD44-36C32552FCB6}.Debug|Any CPU.ActiveCfg = Debug|Any CPU
		{7B2AA330-A43B-4AD4-BD44-36C32552FCB6}.Debug|Any CPU.Build.0 = Debug|Any CPU
		{7B2AA330-A43B-4AD4-BD44-36C32552FCB6}.Release|Any CPU.ActiveCfg = Release|Any CPU
		{7B2AA330-A43B-4AD4-BD44-36C32552FCB6}.Release|Any CPU.Build.0 = Release|Any CPU
		{F12E2DC1-3FEE-4A4E-BD03-299D4556C901}.Debug|Any CPU.ActiveCfg = Debug|Any CPU
		{F12E2DC1-3FEE-4A4E-BD03-299D4556C901}.Debug|Any CPU.Build.0 = Debug|Any CPU
		{F12E2DC1-3FEE-4A4E-BD03-299D4556C901}.Release|Any CPU.ActiveCfg = Release|Any CPU
		{F12E2DC1-3FEE-4A4E-BD03-299D4556C901}.Release|Any CPU.Build.0 = Release|Any CPU
		{3513FFBE-B60C-4424-9362-77FDD663A82C}.Debug|Any CPU.ActiveCfg = Debug|Any CPU
		{3513FFBE-B60C-4424-9362-77FDD663A82C}.Debug|Any CPU.Build.0 = Debug|Any CPU
		{3513FFBE-B60C-4424-9362-77FDD663A82C}.Release|Any CPU.ActiveCfg = Release|Any CPU
		{3513FFBE-B60C-4424-9362-77FDD663A82C}.Release|Any CPU.Build.0 = Release|Any CPU
	EndGlobalSection
	GlobalSection(SolutionProperties) = preSolution
		HideSolutionNode = FALSE
	EndGlobalSection
	GlobalSection(ExtensibilityGlobals) = postSolution
		SolutionGuid = {BF7A0A7F-5B41-4985-A088-7F8A8BF05009}
	EndGlobalSection
EndGlobal
