
Microsoft Visual Studio Solution File, Format Version 12.00
# Visual Studio Version 16
VisualStudioVersion = 16.0.29411.108
MinimumVisualStudioVersion = 10.0.40219.1
Project("{FAE04EC0-301F-11D3-BF4B-00C04F79EFBC}") = "线程与委托", "线程与委托\线程与委托.csproj", "{CDFFB41B-704F-4E3C-A3BA-A0F1B81D1D15}"
EndProject
Global
	GlobalSection(SolutionConfigurationPlatforms) = preSolution
		Debug|Any CPU = Debug|Any CPU
		Release|Any CPU = Release|Any CPU
	EndGlobalSection
	GlobalSection(ProjectConfigurationPlatforms) = postSolution
		{CDFFB41B-704F-4E3C-A3BA-A0F1B81D1D15}.Debug|Any CPU.ActiveCfg = Debug|Any CPU
		{CDFFB41B-704F-4E3C-A3BA-A0F1B81D1D15}.Debug|Any CPU.Build.0 = Debug|Any CPU
		{CDFFB41B-704F-4E3C-A3BA-A0F1B81D1D15}.Release|Any CPU.ActiveCfg = Release|Any CPU
		{CDFFB41B-704F-4E3C-A3BA-A0F1B81D1D15}.Release|Any CPU.Build.0 = Release|Any CPU
	EndGlobalSection
	GlobalSection(SolutionProperties) = preSolution
		HideSolutionNode = FALSE
	EndGlobalSection
	GlobalSection(ExtensibilityGlobals) = postSolution
		SolutionGuid = {1B222A59-BFD0-4DCE-ACEA-4F9A26687641}
	EndGlobalSection
EndGlobal
