
Microsoft Visual Studio Solution File, Format Version 12.00
# Visual Studio Version 16
VisualStudioVersion = 16.0.30011.22
MinimumVisualStudioVersion = 10.0.40219.1
Project("{FAE04EC0-301F-11D3-BF4B-00C04F79EFBC}") = "自定义显示类型转换", "自定义显示类型转换\自定义显示类型转换.csproj", "{D24C13B4-513B-4FE1-AD86-A8ACFF64ECD2}"
EndProject
Global
	GlobalSection(SolutionConfigurationPlatforms) = preSolution
		Debug|Any CPU = Debug|Any CPU
		Release|Any CPU = Release|Any CPU
	EndGlobalSection
	GlobalSection(ProjectConfigurationPlatforms) = postSolution
		{D24C13B4-513B-4FE1-AD86-A8ACFF64ECD2}.Debug|Any CPU.ActiveCfg = Debug|Any CPU
		{D24C13B4-513B-4FE1-AD86-A8ACFF64ECD2}.Debug|Any CPU.Build.0 = Debug|Any CPU
		{D24C13B4-513B-4FE1-AD86-A8ACFF64ECD2}.Release|Any CPU.ActiveCfg = Release|Any CPU
		{D24C13B4-513B-4FE1-AD86-A8ACFF64ECD2}.Release|Any CPU.Build.0 = Release|Any CPU
	EndGlobalSection
	GlobalSection(SolutionProperties) = preSolution
		HideSolutionNode = FALSE
	EndGlobalSection
	GlobalSection(ExtensibilityGlobals) = postSolution
		SolutionGuid = {B03D36B3-A47F-4806-B653-81076AE9A735}
	EndGlobalSection
EndGlobal
