
Microsoft Visual Studio Solution File, Format Version 12.00
# Visual Studio Version 16
VisualStudioVersion = 16.0.30011.22
MinimumVisualStudioVersion = 10.0.40219.1
Project("{9A19103F-16F7-4668-BE54-9A1E7A4F7556}") = "ReflectionAndPlug_in_Demo", "ReflectionAndPlug_in_Demo\ReflectionAndPlug_in_Demo.csproj", "{64957B83-3CEF-4295-A8B5-E8520E75EFDD}"
EndProject
Project("{FAE04EC0-301F-11D3-BF4B-00C04F79EFBC}") = "BabyStroller.SDK", "BabyStroller.SDK\BabyStroller.SDK.csproj", "{4320DED6-517C-43EB-A64F-5C592A8D4B77}"
EndProject
Global
	GlobalSection(SolutionConfigurationPlatforms) = preSolution
		Debug|Any CPU = Debug|Any CPU
		Release|Any CPU = Release|Any CPU
	EndGlobalSection
	GlobalSection(ProjectConfigurationPlatforms) = postSolution
		{64957B83-3CEF-4295-A8B5-E8520E75EFDD}.Debug|Any CPU.ActiveCfg = Debug|Any CPU
		{64957B83-3CEF-4295-A8B5-E8520E75EFDD}.Debug|Any CPU.Build.0 = Debug|Any CPU
		{64957B83-3CEF-4295-A8B5-E8520E75EFDD}.Release|Any CPU.ActiveCfg = Release|Any CPU
		{64957B83-3CEF-4295-A8B5-E8520E75EFDD}.Release|Any CPU.Build.0 = Release|Any CPU
		{4320DED6-517C-43EB-A64F-5C592A8D4B77}.Debug|Any CPU.ActiveCfg = Debug|Any CPU
		{4320DED6-517C-43EB-A64F-5C592A8D4B77}.Debug|Any CPU.Build.0 = Debug|Any CPU
		{4320DED6-517C-43EB-A64F-5C592A8D4B77}.Release|Any CPU.ActiveCfg = Release|Any CPU
		{4320DED6-517C-43EB-A64F-5C592A8D4B77}.Release|Any CPU.Build.0 = Release|Any CPU
	EndGlobalSection
	GlobalSection(SolutionProperties) = preSolution
		HideSolutionNode = FALSE
	EndGlobalSection
	GlobalSection(ExtensibilityGlobals) = postSolution
		SolutionGuid = {7342A34A-02CD-4AE1-950B-1766509BDC83}
	EndGlobalSection
EndGlobal
